
Microsoft Visual Studio Solution File, Format Version 12.00
# Visual Studio 14
VisualStudioVersion = 14.0.25420.1
MinimumVisualStudioVersion = 10.0.40219.1
Project("{FAE04EC0-301F-11D3-BF4B-00C04F79EFBC}") = "EFDemo", "EFDemo\EFDemo.csproj", "{38A994D7-7E37-4C28-B8B2-400140A11CB6}"
EndProject
Project("{FAE04EC0-301F-11D3-BF4B-00C04F79EFBC}") = "ModelFirst", "ModelFirst\ModelFirst.csproj", "{170E3862-43BA-47A7-B673-9D8FB61D7326}"
EndProject
Project("{FAE04EC0-301F-11D3-BF4B-00C04F79EFBC}") = "DatabaseFirst", "DatabaseFirst\DatabaseFirst.csproj", "{10D9CCA1-A69E-4E7E-8C8E-953F9C73065D}"
EndProject
Project("{FAE04EC0-301F-11D3-BF4B-00C04F79EFBC}") = "CodeFirst", "CodeFirst\CodeFirst.csproj", "{6E7C862A-6577-4750-9DA7-7D4C17CF8FE1}"
EndProject
Project("{FAE04EC0-301F-11D3-BF4B-00C04F79EFBC}") = "LINQExamples", "LINQExamples\LINQExamples.csproj", "{3912D677-31BD-4E2A-AA82-DE1D386A081F}"
EndProject
Project("{FAE04EC0-301F-11D3-BF4B-00C04F79EFBC}") = "AspNetWeb", "AspNetWeb\AspNetWeb.csproj", "{22D11723-EBA0-4B1C-B35C-E3C5549C5BC0}"
EndProject
Project("{FAE04EC0-301F-11D3-BF4B-00C04F79EFBC}") = "TDDUnitTest", "TDDUnitTest\TDDUnitTest.csproj", "{23C188C1-4025-4095-81C8-4CE1065CF8E8}"
EndProject
Project("{FAE04EC0-301F-11D3-BF4B-00C04F79EFBC}") = "CalculatorMethods", "CalculatorMethods\CalculatorMethods.csproj", "{563D772F-F75D-442E-B0AB-D403F95EE72E}"
EndProject
Global
	GlobalSection(SolutionConfigurationPlatforms) = preSolution
		Debug|Any CPU = Debug|Any CPU
		Release|Any CPU = Release|Any CPU
	EndGlobalSection
	GlobalSection(ProjectConfigurationPlatforms) = postSolution
		{38A994D7-7E37-4C28-B8B2-400140A11CB6}.Debug|Any CPU.ActiveCfg = Debug|Any CPU
		{38A994D7-7E37-4C28-B8B2-400140A11CB6}.Debug|Any CPU.Build.0 = Debug|Any CPU
		{38A994D7-7E37-4C28-B8B2-400140A11CB6}.Release|Any CPU.ActiveCfg = Release|Any CPU
		{38A994D7-7E37-4C28-B8B2-400140A11CB6}.Release|Any CPU.Build.0 = Release|Any CPU
		{170E3862-43BA-47A7-B673-9D8FB61D7326}.Debug|Any CPU.ActiveCfg = Debug|Any CPU
		{170E3862-43BA-47A7-B673-9D8FB61D7326}.Debug|Any CPU.Build.0 = Debug|Any CPU
		{170E3862-43BA-47A7-B673-9D8FB61D7326}.Release|Any CPU.ActiveCfg = Release|Any CPU
		{170E3862-43BA-47A7-B673-9D8FB61D7326}.Release|Any CPU.Build.0 = Release|Any CPU
		{10D9CCA1-A69E-4E7E-8C8E-953F9C73065D}.Debug|Any CPU.ActiveCfg = Debug|Any CPU
		{10D9CCA1-A69E-4E7E-8C8E-953F9C73065D}.Debug|Any CPU.Build.0 = Debug|Any CPU
		{10D9CCA1-A69E-4E7E-8C8E-953F9C73065D}.Release|Any CPU.ActiveCfg = Release|Any CPU
		{10D9CCA1-A69E-4E7E-8C8E-953F9C73065D}.Release|Any CPU.Build.0 = Release|Any CPU
		{6E7C862A-6577-4750-9DA7-7D4C17CF8FE1}.Debug|Any CPU.ActiveCfg = Debug|Any CPU
		{6E7C862A-6577-4750-9DA7-7D4C17CF8FE1}.Debug|Any CPU.Build.0 = Debug|Any CPU
		{6E7C862A-6577-4750-9DA7-7D4C17CF8FE1}.Release|Any CPU.ActiveCfg = Release|Any CPU
		{6E7C862A-6577-4750-9DA7-7D4C17CF8FE1}.Release|Any CPU.Build.0 = Release|Any CPU
		{3912D677-31BD-4E2A-AA82-DE1D386A081F}.Debug|Any CPU.ActiveCfg = Debug|Any CPU
		{3912D677-31BD-4E2A-AA82-DE1D386A081F}.Debug|Any CPU.Build.0 = Debug|Any CPU
		{3912D677-31BD-4E2A-AA82-DE1D386A081F}.Release|Any CPU.ActiveCfg = Release|Any CPU
		{3912D677-31BD-4E2A-AA82-DE1D386A081F}.Release|Any CPU.Build.0 = Release|Any CPU
		{22D11723-EBA0-4B1C-B35C-E3C5549C5BC0}.Debug|Any CPU.ActiveCfg = Debug|Any CPU
		{22D11723-EBA0-4B1C-B35C-E3C5549C5BC0}.Debug|Any CPU.Build.0 = Debug|Any CPU
		{22D11723-EBA0-4B1C-B35C-E3C5549C5BC0}.Release|Any CPU.ActiveCfg = Release|Any CPU
		{22D11723-EBA0-4B1C-B35C-E3C5549C5BC0}.Release|Any CPU.Build.0 = Release|Any CPU
		{23C188C1-4025-4095-81C8-4CE1065CF8E8}.Debug|Any CPU.ActiveCfg = Debug|Any CPU
		{23C188C1-4025-4095-81C8-4CE1065CF8E8}.Debug|Any CPU.Build.0 = Debug|Any CPU
		{23C188C1-4025-4095-81C8-4CE1065CF8E8}.Release|Any CPU.ActiveCfg = Release|Any CPU
		{23C188C1-4025-4095-81C8-4CE1065CF8E8}.Release|Any CPU.Build.0 = Release|Any CPU
		{563D772F-F75D-442E-B0AB-D403F95EE72E}.Debug|Any CPU.ActiveCfg = Debug|Any CPU
		{563D772F-F75D-442E-B0AB-D403F95EE72E}.Debug|Any CPU.Build.0 = Debug|Any CPU
		{563D772F-F75D-442E-B0AB-D403F95EE72E}.Release|Any CPU.ActiveCfg = Release|Any CPU
		{563D772F-F75D-442E-B0AB-D403F95EE72E}.Release|Any CPU.Build.0 = Release|Any CPU
	EndGlobalSection
	GlobalSection(SolutionProperties) = preSolution
		HideSolutionNode = FALSE
	EndGlobalSection
EndGlobal
